
Microsoft Visual Studio Solution File, Format Version 12.00
# Visual Studio 15
VisualStudioVersion = 15.0.28307.1433
MinimumVisualStudioVersion = 10.0.40219.1
Project("{FAE04EC0-301F-11D3-BF4B-00C04F79EFBC}") = "TicTacToe", "TicTacToe\TicTacToe.csproj", "{1BBC1624-0D22-42CC-B645-D751F51D0415}"
EndProject
Project("{FAE04EC0-301F-11D3-BF4B-00C04F79EFBC}") = "Tests", "Tests\Tests.csproj", "{663F3E8E-2D83-4908-B246-163667731E6C}"
EndProject
Global
	GlobalSection(SolutionConfigurationPlatforms) = preSolution
		Debug|Any CPU = Debug|Any CPU
		Release|Any CPU = Release|Any CPU
	EndGlobalSection
	GlobalSection(ProjectConfigurationPlatforms) = postSolution
		{1BBC1624-0D22-42CC-B645-D751F51D0415}.Debug|Any CPU.ActiveCfg = Debug|Any CPU
		{1BBC1624-0D22-42CC-B645-D751F51D0415}.Debug|Any CPU.Build.0 = Debug|Any CPU
		{1BBC1624-0D22-42CC-B645-D751F51D0415}.Release|Any CPU.ActiveCfg = Release|Any CPU
		{1BBC1624-0D22-42CC-B645-D751F51D0415}.Release|Any CPU.Build.0 = Release|Any CPU
		{663F3E8E-2D83-4908-B246-163667731E6C}.Debug|Any CPU.ActiveCfg = Debug|Any CPU
		{663F3E8E-2D83-4908-B246-163667731E6C}.Debug|Any CPU.Build.0 = Debug|Any CPU
		{663F3E8E-2D83-4908-B246-163667731E6C}.Release|Any CPU.ActiveCfg = Release|Any CPU
		{663F3E8E-2D83-4908-B246-163667731E6C}.Release|Any CPU.Build.0 = Release|Any CPU
	EndGlobalSection
	GlobalSection(SolutionProperties) = preSolution
		HideSolutionNode = FALSE
	EndGlobalSection
	GlobalSection(ExtensibilityGlobals) = postSolution
		SolutionGuid = {E4822173-8928-46A6-AED4-273766ABFEC1}
	EndGlobalSection
EndGlobal
